
Microsoft Visual Studio Solution File, Format Version 12.00
# Visual Studio Version 16
VisualStudioVersion = 16.0.31402.337
MinimumVisualStudioVersion = 10.0.40219.1
Project("{FAE04EC0-301F-11D3-BF4B-00C04F79EFBC}") = "TestingOfAddMethod", "TestingOfAddMethod.csproj", "{BC81D126-759E-435D-A7F2-B67A26E9F69C}"
EndProject
Project("{FAE04EC0-301F-11D3-BF4B-00C04F79EFBC}") = "TestingKata", "..\TestingKata\TestingKata.csproj", "{1B8B7DB4-C320-42C1-B757-87041802E0A0}"
EndProject
Global
	GlobalSection(SolutionConfigurationPlatforms) = preSolution
		Debug|Any CPU = Debug|Any CPU
		Release|Any CPU = Release|Any CPU
	EndGlobalSection
	GlobalSection(ProjectConfigurationPlatforms) = postSolution
		{BC81D126-759E-435D-A7F2-B67A26E9F69C}.Debug|Any CPU.ActiveCfg = Debug|Any CPU
		{BC81D126-759E-435D-A7F2-B67A26E9F69C}.Debug|Any CPU.Build.0 = Debug|Any CPU
		{BC81D126-759E-435D-A7F2-B67A26E9F69C}.Release|Any CPU.ActiveCfg = Release|Any CPU
		{BC81D126-759E-435D-A7F2-B67A26E9F69C}.Release|Any CPU.Build.0 = Release|Any CPU
		{1B8B7DB4-C320-42C1-B757-87041802E0A0}.Debug|Any CPU.ActiveCfg = Debug|Any CPU
		{1B8B7DB4-C320-42C1-B757-87041802E0A0}.Debug|Any CPU.Build.0 = Debug|Any CPU
		{1B8B7DB4-C320-42C1-B757-87041802E0A0}.Release|Any CPU.ActiveCfg = Release|Any CPU
		{1B8B7DB4-C320-42C1-B757-87041802E0A0}.Release|Any CPU.Build.0 = Release|Any CPU
	EndGlobalSection
	GlobalSection(SolutionProperties) = preSolution
		HideSolutionNode = FALSE
	EndGlobalSection
	GlobalSection(ExtensibilityGlobals) = postSolution
		SolutionGuid = {290B8FD2-861F-4FE0-B8F5-EB9E45F729B7}
	EndGlobalSection
EndGlobal
